
Microsoft Visual Studio Solution File, Format Version 12.00
# Visual Studio Version 17
VisualStudioVersion = 17.10.35013.160
MinimumVisualStudioVersion = 10.0.40219.1
Project("{FAE04EC0-301F-11D3-BF4B-00C04F79EFBC}") = "Monogame - Lesson 3", "Monogame - Lesson 3\Monogame - Lesson 3.csproj", "{E462E082-A67C-4466-9DF6-7355CE395DA1}"
EndProject
Global
	GlobalSection(SolutionConfigurationPlatforms) = preSolution
		Debug|Any CPU = Debug|Any CPU
		Release|Any CPU = Release|Any CPU
	EndGlobalSection
	GlobalSection(ProjectConfigurationPlatforms) = postSolution
		{E462E082-A67C-4466-9DF6-7355CE395DA1}.Debug|Any CPU.ActiveCfg = Debug|Any CPU
		{E462E082-A67C-4466-9DF6-7355CE395DA1}.Debug|Any CPU.Build.0 = Debug|Any CPU
		{E462E082-A67C-4466-9DF6-7355CE395DA1}.Release|Any CPU.ActiveCfg = Release|Any CPU
		{E462E082-A67C-4466-9DF6-7355CE395DA1}.Release|Any CPU.Build.0 = Release|Any CPU
	EndGlobalSection
	GlobalSection(SolutionProperties) = preSolution
		HideSolutionNode = FALSE
	EndGlobalSection
	GlobalSection(ExtensibilityGlobals) = postSolution
		SolutionGuid = {BE213F47-C28D-4077-ACB0-2934079A34C7}
	EndGlobalSection
EndGlobal
